
Microsoft Visual Studio Solution File, Format Version 12.00
# Visual Studio Version 17
VisualStudioVersion = 17.9.34526.213
MinimumVisualStudioVersion = 10.0.40219.1
Project("{9A19103F-16F7-4668-BE54-9A1E7A4F7556}") = "Source2Framework.CommandService", "Source2Framework.CommandService\Source2Framework.CommandService.csproj", "{75EA3CB9-C60B-442A-BBB6-3E7B20435EC8}"
EndProject
Project("{9A19103F-16F7-4668-BE54-9A1E7A4F7556}") = "Source2Framework.CommandService.API", "Source2Framework.CommandService.API\Source2Framework.CommandService.API.csproj", "{47E23A29-47A9-412A-9B4B-5B6FA786C511}"
EndProject
Global
	GlobalSection(SolutionConfigurationPlatforms) = preSolution
		Debug|Any CPU = Debug|Any CPU
		Release|Any CPU = Release|Any CPU
	EndGlobalSection
	GlobalSection(ProjectConfigurationPlatforms) = postSolution
		{75EA3CB9-C60B-442A-BBB6-3E7B20435EC8}.Debug|Any CPU.ActiveCfg = Debug|Any CPU
		{75EA3CB9-C60B-442A-BBB6-3E7B20435EC8}.Debug|Any CPU.Build.0 = Debug|Any CPU
		{75EA3CB9-C60B-442A-BBB6-3E7B20435EC8}.Release|Any CPU.ActiveCfg = Release|Any CPU
		{75EA3CB9-C60B-442A-BBB6-3E7B20435EC8}.Release|Any CPU.Build.0 = Release|Any CPU
		{47E23A29-47A9-412A-9B4B-5B6FA786C511}.Debug|Any CPU.ActiveCfg = Debug|Any CPU
		{47E23A29-47A9-412A-9B4B-5B6FA786C511}.Debug|Any CPU.Build.0 = Debug|Any CPU
		{47E23A29-47A9-412A-9B4B-5B6FA786C511}.Release|Any CPU.ActiveCfg = Release|Any CPU
		{47E23A29-47A9-412A-9B4B-5B6FA786C511}.Release|Any CPU.Build.0 = Release|Any CPU
	EndGlobalSection
	GlobalSection(SolutionProperties) = preSolution
		HideSolutionNode = FALSE
	EndGlobalSection
	GlobalSection(ExtensibilityGlobals) = postSolution
		SolutionGuid = {4749EC06-E729-4942-8DC8-5D131B2E3FB9}
	EndGlobalSection
EndGlobal
